Microsoft Visual Studio Solution File, Format Version 12.00
# Visual Studio 15
Project("{8BC9CEB8-8B4A-11D0-8D11-00A0C91BC942}") = "ALL_BUILD", "ALL_BUILD.vcxproj", "{F80D3A5C-3CA7-3488-A622-E6B991351E73}"
	ProjectSection(ProjectDependencies) = postProject
		{CE97FC89-D2D6-37A0-A6ED-BA385A917CAB} = {CE97FC89-D2D6-37A0-A6ED-BA385A917CAB}
		{1DC1A542-04FC-3C4B-A650-E840737BD3A7} = {1DC1A542-04FC-3C4B-A650-E840737BD3A7}
		{24FFBEC6-8202-3C97-80D7-990016563534} = {24FFBEC6-8202-3C97-80D7-990016563534}
		{B11255D9-64D5-367C-B8C4-906FA252AA92} = {B11255D9-64D5-367C-B8C4-906FA252AA92}
		{82F3A7B1-A37B-3C94-BC04-4A50C928051C} = {82F3A7B1-A37B-3C94-BC04-4A50C928051C}
		{E310E5DA-6F80-3FA8-89BA-83F477E09A99} = {E310E5DA-6F80-3FA8-89BA-83F477E09A99}
		{A7ED129D-274F-3042-9EA4-827CE7460B0A} = {A7ED129D-274F-3042-9EA4-827CE7460B0A}
		{9A137270-419A-31D1-B46B-4A235115CF96} = {9A137270-419A-31D1-B46B-4A235115CF96}
		{AFEC632E-5006-3A87-A2CC-FAF5A9379BE2} = {AFEC632E-5006-3A87-A2CC-FAF5A9379BE2}
		{9DCB9EA2-A340-3C99-A126-096BA65D076E} = {9DCB9EA2-A340-3C99-A126-096BA65D076E}
		{64FEBFE0-7D2A-39CA-9C22-EB0F2B4CDEB2} = {64FEBFE0-7D2A-39CA-9C22-EB0F2B4CDEB2}
		{FF4BA4CA-CD68-31A5-9616-53D9CAD45C56} = {FF4BA4CA-CD68-31A5-9616-53D9CAD45C56}
		{BAD67B45-63E0-33AF-B614-39410659781B} = {BAD67B45-63E0-33AF-B614-39410659781B}
		{7C44333B-3412-32E0-B170-063740963361} = {7C44333B-3412-32E0-B170-063740963361}
		{5192E594-F859-31FB-9B0D-01F6811ADD7B} = {5192E594-F859-31FB-9B0D-01F6811ADD7B}
		{37665A84-2F86-3FDE-AF63-CC0804F0C2DC} = {37665A84-2F86-3FDE-AF63-CC0804F0C2DC}
		{42766FD8-2B9E-3A7A-B679-A6E27A5CE537} = {42766FD8-2B9E-3A7A-B679-A6E27A5CE537}
		{C8061E0D-C720-3F01-A22A-DF5754C8CE98} = {C8061E0D-C720-3F01-A22A-DF5754C8CE98}
		{8E04448C-0703-38D2-B1EE-10A60CB0B278} = {8E04448C-0703-38D2-B1EE-10A60CB0B278}
		{4DA1F919-9476-300D-9AA6-296A521500B4} = {4DA1F919-9476-300D-9AA6-296A521500B4}
		{660A4E90-41DD-33AA-8B26-F6B4DFDB5484} = {660A4E90-41DD-33AA-8B26-F6B4DFDB5484}
		{21327E42-1CF5-3FD9-9B9D-334707F51D3F} = {21327E42-1CF5-3FD9-9B9D-334707F51D3F}
		{0B0CC433-82F0-3C1E-9042-5369F2D6C231} = {0B0CC433-82F0-3C1E-9042-5369F2D6C231}
		{83E8B578-EF2F-3025-BE8F-BBB90F5E4515} = {83E8B578-EF2F-3025-BE8F-BBB90F5E4515}
		{EC543A19-AAF6-351B-93B6-F991749057C6} = {EC543A19-AAF6-351B-93B6-F991749057C6}
		{CD7AC64B-F3F4-3331-A5E5-CCCE49DBBDF9} = {CD7AC64B-F3F4-3331-A5E5-CCCE49DBBDF9}
		{9E3F0B69-CFB7-3881-ACC7-59B003D61AC0} = {9E3F0B69-CFB7-3881-ACC7-59B003D61AC0}
		{F929A130-A446-37B6-8E09-A79CB5F0314A} = {F929A130-A446-37B6-8E09-A79CB5F0314A}
		{79E9A60E-E7DA-3EE2-8E50-8E39C3C50682} = {79E9A60E-E7DA-3EE2-8E50-8E39C3C50682}
		{74726F3E-CC29-3C8F-AB25-8E4B8E646F3D} = {74726F3E-CC29-3C8F-AB25-8E4B8E646F3D}
	EndProjectSection
EndProject
Project("{8BC9CEB8-8B4A-11D0-8D11-00A0C91BC942}") = "Continuous", "Continuous.vcxproj", "{A9848EE7-6B07-3BF3-97AB-57F5D35CFCD2}"
	ProjectSection(ProjectDependencies) = postProject
		{CE97FC89-D2D6-37A0-A6ED-BA385A917CAB} = {CE97FC89-D2D6-37A0-A6ED-BA385A917CAB}
	EndProjectSection
EndProject
Project("{8BC9CEB8-8B4A-11D0-8D11-00A0C91BC942}") = "Experimental", "Experimental.vcxproj", "{60A59ECC-7DE9-3C28-8CD3-07D833537852}"
	ProjectSection(ProjectDependencies) = postProject
		{CE97FC89-D2D6-37A0-A6ED-BA385A917CAB} = {CE97FC89-D2D6-37A0-A6ED-BA385A917CAB}
	EndProjectSection
EndProject
Project("{8BC9CEB8-8B4A-11D0-8D11-00A0C91BC942}") = "INSTALL", "INSTALL.vcxproj", "{EC18E0E8-308A-310A-9C15-5C89A99E3CBE}"
	ProjectSection(ProjectDependencies) = postProject
		{F80D3A5C-3CA7-3488-A622-E6B991351E73} = {F80D3A5C-3CA7-3488-A622-E6B991351E73}
		{CE97FC89-D2D6-37A0-A6ED-BA385A917CAB} = {CE97FC89-D2D6-37A0-A6ED-BA385A917CAB}
	EndProjectSection
EndProject
Project("{8BC9CEB8-8B4A-11D0-8D11-00A0C91BC942}") = "Nightly", "Nightly.vcxproj", "{28DA1552-D18D-3F16-827F-C909EE9603C4}"
	ProjectSection(ProjectDependencies) = postProject
		{CE97FC89-D2D6-37A0-A6ED-BA385A917CAB} = {CE97FC89-D2D6-37A0-A6ED-BA385A917CAB}
	EndProjectSection
EndProject
Project("{8BC9CEB8-8B4A-11D0-8D11-00A0C91BC942}") = "NightlyMemoryCheck", "NightlyMemoryCheck.vcxproj", "{F6BE812C-20A7-32B8-9152-36160E9247BE}"
	ProjectSection(ProjectDependencies) = postProject
		{CE97FC89-D2D6-37A0-A6ED-BA385A917CAB} = {CE97FC89-D2D6-37A0-A6ED-BA385A917CAB}
	EndProjectSection
EndProject
Project("{8BC9CEB8-8B4A-11D0-8D11-00A0C91BC942}") = "RUN_TESTS", "RUN_TESTS.vcxproj", "{6E14E59F-DF71-337C-AF2F-D80788E258AC}"
	ProjectSection(ProjectDependencies) = postProject
		{CE97FC89-D2D6-37A0-A6ED-BA385A917CAB} = {CE97FC89-D2D6-37A0-A6ED-BA385A917CAB}
	EndProjectSection
EndProject
Project("{8BC9CEB8-8B4A-11D0-8D11-00A0C91BC942}") = "ZERO_CHECK", "ZERO_CHECK.vcxproj", "{CE97FC89-D2D6-37A0-A6ED-BA385A917CAB}"
	ProjectSection(ProjectDependencies) = postProject
	EndProjectSection
EndProject
Project("{8BC9CEB8-8B4A-11D0-8D11-00A0C91BC942}") = "becat", "becat.vcxproj", "{1DC1A542-04FC-3C4B-A650-E840737BD3A7}"
	ProjectSection(ProjectDependencies) = postProject
		{CE97FC89-D2D6-37A0-A6ED-BA385A917CAB} = {CE97FC89-D2D6-37A0-A6ED-BA385A917CAB}
		{AFEC632E-5006-3A87-A2CC-FAF5A9379BE2} = {AFEC632E-5006-3A87-A2CC-FAF5A9379BE2}
		{9DCB9EA2-A340-3C99-A126-096BA65D076E} = {9DCB9EA2-A340-3C99-A126-096BA65D076E}
		{64FEBFE0-7D2A-39CA-9C22-EB0F2B4CDEB2} = {64FEBFE0-7D2A-39CA-9C22-EB0F2B4CDEB2}
	EndProjectSection
EndProject
Project("{8BC9CEB8-8B4A-11D0-8D11-00A0C91BC942}") = "bench", "bench.vcxproj", "{24FFBEC6-8202-3C97-80D7-990016563534}"
	ProjectSection(ProjectDependencies) = postProject
		{CE97FC89-D2D6-37A0-A6ED-BA385A917CAB} = {CE97FC89-D2D6-37A0-A6ED-BA385A917CAB}
		{AFEC632E-5006-3A87-A2CC-FAF5A9379BE2} = {AFEC632E-5006-3A87-A2CC-FAF5A9379BE2}
		{9DCB9EA2-A340-3C99-A126-096BA65D076E} = {9DCB9EA2-A340-3C99-A126-096BA65D076E}
	EndProjectSection
EndProject
Project("{8BC9CEB8-8B4A-11D0-8D11-00A0C91BC942}") = "bench_cascade", "bench_cascade.vcxproj", "{B11255D9-64D5-367C-B8C4-906FA252AA92}"
	ProjectSection(ProjectDependencies) = postProject
		{CE97FC89-D2D6-37A0-A6ED-BA385A917CAB} = {CE97FC89-D2D6-37A0-A6ED-BA385A917CAB}
		{AFEC632E-5006-3A87-A2CC-FAF5A9379BE2} = {AFEC632E-5006-3A87-A2CC-FAF5A9379BE2}
		{9DCB9EA2-A340-3C99-A126-096BA65D076E} = {9DCB9EA2-A340-3C99-A126-096BA65D076E}
	EndProjectSection
EndProject
Project("{8BC9CEB8-8B4A-11D0-8D11-00A0C91BC942}") = "bench_http", "bench_http.vcxproj", "{82F3A7B1-A37B-3C94-BC04-4A50C928051C}"
	ProjectSection(ProjectDependencies) = postProject
		{CE97FC89-D2D6-37A0-A6ED-BA385A917CAB} = {CE97FC89-D2D6-37A0-A6ED-BA385A917CAB}
		{AFEC632E-5006-3A87-A2CC-FAF5A9379BE2} = {AFEC632E-5006-3A87-A2CC-FAF5A9379BE2}
		{9DCB9EA2-A340-3C99-A126-096BA65D076E} = {9DCB9EA2-A340-3C99-A126-096BA65D076E}
	EndProjectSection
EndProject
Project("{8BC9CEB8-8B4A-11D0-8D11-00A0C91BC942}") = "bench_httpclient", "bench_httpclient.vcxproj", "{E310E5DA-6F80-3FA8-89BA-83F477E09A99}"
	ProjectSection(ProjectDependencies) = postProject
		{CE97FC89-D2D6-37A0-A6ED-BA385A917CAB} = {CE97FC89-D2D6-37A0-A6ED-BA385A917CAB}
		{AFEC632E-5006-3A87-A2CC-FAF5A9379BE2} = {AFEC632E-5006-3A87-A2CC-FAF5A9379BE2}
		{9DCB9EA2-A340-3C99-A126-096BA65D076E} = {9DCB9EA2-A340-3C99-A126-096BA65D076E}
	EndProjectSection
EndProject
Project("{8BC9CEB8-8B4A-11D0-8D11-00A0C91BC942}") = "dns-example", "dns-example.vcxproj", "{A7ED129D-274F-3042-9EA4-827CE7460B0A}"
	ProjectSection(ProjectDependencies) = postProject
		{CE97FC89-D2D6-37A0-A6ED-BA385A917CAB} = {CE97FC89-D2D6-37A0-A6ED-BA385A917CAB}
		{AFEC632E-5006-3A87-A2CC-FAF5A9379BE2} = {AFEC632E-5006-3A87-A2CC-FAF5A9379BE2}
		{9DCB9EA2-A340-3C99-A126-096BA65D076E} = {9DCB9EA2-A340-3C99-A126-096BA65D076E}
	EndProjectSection
EndProject
Project("{8BC9CEB8-8B4A-11D0-8D11-00A0C91BC942}") = "event-read-fifo", "event-read-fifo.vcxproj", "{9A137270-419A-31D1-B46B-4A235115CF96}"
	ProjectSection(ProjectDependencies) = postProject
		{CE97FC89-D2D6-37A0-A6ED-BA385A917CAB} = {CE97FC89-D2D6-37A0-A6ED-BA385A917CAB}
		{AFEC632E-5006-3A87-A2CC-FAF5A9379BE2} = {AFEC632E-5006-3A87-A2CC-FAF5A9379BE2}
		{9DCB9EA2-A340-3C99-A126-096BA65D076E} = {9DCB9EA2-A340-3C99-A126-096BA65D076E}
	EndProjectSection
EndProject
Project("{8BC9CEB8-8B4A-11D0-8D11-00A0C91BC942}") = "event_core_static", "event_core_static.vcxproj", "{AFEC632E-5006-3A87-A2CC-FAF5A9379BE2}"
	ProjectSection(ProjectDependencies) = postProject
		{CE97FC89-D2D6-37A0-A6ED-BA385A917CAB} = {CE97FC89-D2D6-37A0-A6ED-BA385A917CAB}
	EndProjectSection
EndProject
Project("{8BC9CEB8-8B4A-11D0-8D11-00A0C91BC942}") = "event_extra_static", "event_extra_static.vcxproj", "{9DCB9EA2-A340-3C99-A126-096BA65D076E}"
	ProjectSection(ProjectDependencies) = postProject
		{CE97FC89-D2D6-37A0-A6ED-BA385A917CAB} = {CE97FC89-D2D6-37A0-A6ED-BA385A917CAB}
		{AFEC632E-5006-3A87-A2CC-FAF5A9379BE2} = {AFEC632E-5006-3A87-A2CC-FAF5A9379BE2}
	EndProjectSection
EndProject
Project("{8BC9CEB8-8B4A-11D0-8D11-00A0C91BC942}") = "event_openssl_static", "event_openssl_static.vcxproj", "{64FEBFE0-7D2A-39CA-9C22-EB0F2B4CDEB2}"
	ProjectSection(ProjectDependencies) = postProject
		{CE97FC89-D2D6-37A0-A6ED-BA385A917CAB} = {CE97FC89-D2D6-37A0-A6ED-BA385A917CAB}
		{AFEC632E-5006-3A87-A2CC-FAF5A9379BE2} = {AFEC632E-5006-3A87-A2CC-FAF5A9379BE2}
	EndProjectSection
EndProject
Project("{8BC9CEB8-8B4A-11D0-8D11-00A0C91BC942}") = "event_static", "event_static.vcxproj", "{FF4BA4CA-CD68-31A5-9616-53D9CAD45C56}"
	ProjectSection(ProjectDependencies) = postProject
		{CE97FC89-D2D6-37A0-A6ED-BA385A917CAB} = {CE97FC89-D2D6-37A0-A6ED-BA385A917CAB}
		{AFEC632E-5006-3A87-A2CC-FAF5A9379BE2} = {AFEC632E-5006-3A87-A2CC-FAF5A9379BE2}
	EndProjectSection
EndProject
Project("{8BC9CEB8-8B4A-11D0-8D11-00A0C91BC942}") = "hello-world", "hello-world.vcxproj", "{BAD67B45-63E0-33AF-B614-39410659781B}"
	ProjectSection(ProjectDependencies) = postProject
		{CE97FC89-D2D6-37A0-A6ED-BA385A917CAB} = {CE97FC89-D2D6-37A0-A6ED-BA385A917CAB}
		{AFEC632E-5006-3A87-A2CC-FAF5A9379BE2} = {AFEC632E-5006-3A87-A2CC-FAF5A9379BE2}
		{9DCB9EA2-A340-3C99-A126-096BA65D076E} = {9DCB9EA2-A340-3C99-A126-096BA65D076E}
	EndProjectSection
EndProject
Project("{8BC9CEB8-8B4A-11D0-8D11-00A0C91BC942}") = "http-connect", "http-connect.vcxproj", "{7C44333B-3412-32E0-B170-063740963361}"
	ProjectSection(ProjectDependencies) = postProject
		{CE97FC89-D2D6-37A0-A6ED-BA385A917CAB} = {CE97FC89-D2D6-37A0-A6ED-BA385A917CAB}
		{AFEC632E-5006-3A87-A2CC-FAF5A9379BE2} = {AFEC632E-5006-3A87-A2CC-FAF5A9379BE2}
		{9DCB9EA2-A340-3C99-A126-096BA65D076E} = {9DCB9EA2-A340-3C99-A126-096BA65D076E}
	EndProjectSection
EndProject
Project("{8BC9CEB8-8B4A-11D0-8D11-00A0C91BC942}") = "http-server", "http-server.vcxproj", "{5192E594-F859-31FB-9B0D-01F6811ADD7B}"
	ProjectSection(ProjectDependencies) = postProject
		{CE97FC89-D2D6-37A0-A6ED-BA385A917CAB} = {CE97FC89-D2D6-37A0-A6ED-BA385A917CAB}
		{AFEC632E-5006-3A87-A2CC-FAF5A9379BE2} = {AFEC632E-5006-3A87-A2CC-FAF5A9379BE2}
		{9DCB9EA2-A340-3C99-A126-096BA65D076E} = {9DCB9EA2-A340-3C99-A126-096BA65D076E}
	EndProjectSection
EndProject
Project("{8BC9CEB8-8B4A-11D0-8D11-00A0C91BC942}") = "https-client", "https-client.vcxproj", "{37665A84-2F86-3FDE-AF63-CC0804F0C2DC}"
	ProjectSection(ProjectDependencies) = postProject
		{CE97FC89-D2D6-37A0-A6ED-BA385A917CAB} = {CE97FC89-D2D6-37A0-A6ED-BA385A917CAB}
		{AFEC632E-5006-3A87-A2CC-FAF5A9379BE2} = {AFEC632E-5006-3A87-A2CC-FAF5A9379BE2}
		{9DCB9EA2-A340-3C99-A126-096BA65D076E} = {9DCB9EA2-A340-3C99-A126-096BA65D076E}
		{64FEBFE0-7D2A-39CA-9C22-EB0F2B4CDEB2} = {64FEBFE0-7D2A-39CA-9C22-EB0F2B4CDEB2}
	EndProjectSection
EndProject
Project("{8BC9CEB8-8B4A-11D0-8D11-00A0C91BC942}") = "le-proxy", "le-proxy.vcxproj", "{42766FD8-2B9E-3A7A-B679-A6E27A5CE537}"
	ProjectSection(ProjectDependencies) = postProject
		{CE97FC89-D2D6-37A0-A6ED-BA385A917CAB} = {CE97FC89-D2D6-37A0-A6ED-BA385A917CAB}
		{AFEC632E-5006-3A87-A2CC-FAF5A9379BE2} = {AFEC632E-5006-3A87-A2CC-FAF5A9379BE2}
		{9DCB9EA2-A340-3C99-A126-096BA65D076E} = {9DCB9EA2-A340-3C99-A126-096BA65D076E}
		{64FEBFE0-7D2A-39CA-9C22-EB0F2B4CDEB2} = {64FEBFE0-7D2A-39CA-9C22-EB0F2B4CDEB2}
	EndProjectSection
EndProject
Project("{8BC9CEB8-8B4A-11D0-8D11-00A0C91BC942}") = "regress", "regress.vcxproj", "{C8061E0D-C720-3F01-A22A-DF5754C8CE98}"
	ProjectSection(ProjectDependencies) = postProject
		{CE97FC89-D2D6-37A0-A6ED-BA385A917CAB} = {CE97FC89-D2D6-37A0-A6ED-BA385A917CAB}
		{AFEC632E-5006-3A87-A2CC-FAF5A9379BE2} = {AFEC632E-5006-3A87-A2CC-FAF5A9379BE2}
		{9DCB9EA2-A340-3C99-A126-096BA65D076E} = {9DCB9EA2-A340-3C99-A126-096BA65D076E}
		{64FEBFE0-7D2A-39CA-9C22-EB0F2B4CDEB2} = {64FEBFE0-7D2A-39CA-9C22-EB0F2B4CDEB2}
	EndProjectSection
EndProject
Project("{8BC9CEB8-8B4A-11D0-8D11-00A0C91BC942}") = "signal-test", "signal-test.vcxproj", "{8E04448C-0703-38D2-B1EE-10A60CB0B278}"
	ProjectSection(ProjectDependencies) = postProject
		{CE97FC89-D2D6-37A0-A6ED-BA385A917CAB} = {CE97FC89-D2D6-37A0-A6ED-BA385A917CAB}
		{AFEC632E-5006-3A87-A2CC-FAF5A9379BE2} = {AFEC632E-5006-3A87-A2CC-FAF5A9379BE2}
		{9DCB9EA2-A340-3C99-A126-096BA65D076E} = {9DCB9EA2-A340-3C99-A126-096BA65D076E}
	EndProjectSection
EndProject
Project("{8BC9CEB8-8B4A-11D0-8D11-00A0C91BC942}") = "test-changelist", "test-changelist.vcxproj", "{4DA1F919-9476-300D-9AA6-296A521500B4}"
	ProjectSection(ProjectDependencies) = postProject
		{CE97FC89-D2D6-37A0-A6ED-BA385A917CAB} = {CE97FC89-D2D6-37A0-A6ED-BA385A917CAB}
		{AFEC632E-5006-3A87-A2CC-FAF5A9379BE2} = {AFEC632E-5006-3A87-A2CC-FAF5A9379BE2}
		{9DCB9EA2-A340-3C99-A126-096BA65D076E} = {9DCB9EA2-A340-3C99-A126-096BA65D076E}
	EndProjectSection
EndProject
Project("{8BC9CEB8-8B4A-11D0-8D11-00A0C91BC942}") = "test-closed", "test-closed.vcxproj", "{660A4E90-41DD-33AA-8B26-F6B4DFDB5484}"
	ProjectSection(ProjectDependencies) = postProject
		{CE97FC89-D2D6-37A0-A6ED-BA385A917CAB} = {CE97FC89-D2D6-37A0-A6ED-BA385A917CAB}
		{AFEC632E-5006-3A87-A2CC-FAF5A9379BE2} = {AFEC632E-5006-3A87-A2CC-FAF5A9379BE2}
		{9DCB9EA2-A340-3C99-A126-096BA65D076E} = {9DCB9EA2-A340-3C99-A126-096BA65D076E}
	EndProjectSection
EndProject
Project("{8BC9CEB8-8B4A-11D0-8D11-00A0C91BC942}") = "test-dumpevents", "test-dumpevents.vcxproj", "{21327E42-1CF5-3FD9-9B9D-334707F51D3F}"
	ProjectSection(ProjectDependencies) = postProject
		{CE97FC89-D2D6-37A0-A6ED-BA385A917CAB} = {CE97FC89-D2D6-37A0-A6ED-BA385A917CAB}
		{AFEC632E-5006-3A87-A2CC-FAF5A9379BE2} = {AFEC632E-5006-3A87-A2CC-FAF5A9379BE2}
		{9DCB9EA2-A340-3C99-A126-096BA65D076E} = {9DCB9EA2-A340-3C99-A126-096BA65D076E}
	EndProjectSection
EndProject
Project("{8BC9CEB8-8B4A-11D0-8D11-00A0C91BC942}") = "test-eof", "test-eof.vcxproj", "{0B0CC433-82F0-3C1E-9042-5369F2D6C231}"
	ProjectSection(ProjectDependencies) = postProject
		{CE97FC89-D2D6-37A0-A6ED-BA385A917CAB} = {CE97FC89-D2D6-37A0-A6ED-BA385A917CAB}
		{AFEC632E-5006-3A87-A2CC-FAF5A9379BE2} = {AFEC632E-5006-3A87-A2CC-FAF5A9379BE2}
		{9DCB9EA2-A340-3C99-A126-096BA65D076E} = {9DCB9EA2-A340-3C99-A126-096BA65D076E}
	EndProjectSection
EndProject
Project("{8BC9CEB8-8B4A-11D0-8D11-00A0C91BC942}") = "test-fdleak", "test-fdleak.vcxproj", "{83E8B578-EF2F-3025-BE8F-BBB90F5E4515}"
	ProjectSection(ProjectDependencies) = postProject
		{CE97FC89-D2D6-37A0-A6ED-BA385A917CAB} = {CE97FC89-D2D6-37A0-A6ED-BA385A917CAB}
		{AFEC632E-5006-3A87-A2CC-FAF5A9379BE2} = {AFEC632E-5006-3A87-A2CC-FAF5A9379BE2}
		{9DCB9EA2-A340-3C99-A126-096BA65D076E} = {9DCB9EA2-A340-3C99-A126-096BA65D076E}
	EndProjectSection
EndProject
Project("{8BC9CEB8-8B4A-11D0-8D11-00A0C91BC942}") = "test-init", "test-init.vcxproj", "{EC543A19-AAF6-351B-93B6-F991749057C6}"
	ProjectSection(ProjectDependencies) = postProject
		{CE97FC89-D2D6-37A0-A6ED-BA385A917CAB} = {CE97FC89-D2D6-37A0-A6ED-BA385A917CAB}
		{AFEC632E-5006-3A87-A2CC-FAF5A9379BE2} = {AFEC632E-5006-3A87-A2CC-FAF5A9379BE2}
		{9DCB9EA2-A340-3C99-A126-096BA65D076E} = {9DCB9EA2-A340-3C99-A126-096BA65D076E}
	EndProjectSection
EndProject
Project("{8BC9CEB8-8B4A-11D0-8D11-00A0C91BC942}") = "test-ratelim", "test-ratelim.vcxproj", "{CD7AC64B-F3F4-3331-A5E5-CCCE49DBBDF9}"
	ProjectSection(ProjectDependencies) = postProject
		{CE97FC89-D2D6-37A0-A6ED-BA385A917CAB} = {CE97FC89-D2D6-37A0-A6ED-BA385A917CAB}
		{AFEC632E-5006-3A87-A2CC-FAF5A9379BE2} = {AFEC632E-5006-3A87-A2CC-FAF5A9379BE2}
		{9DCB9EA2-A340-3C99-A126-096BA65D076E} = {9DCB9EA2-A340-3C99-A126-096BA65D076E}
	EndProjectSection
EndProject
Project("{8BC9CEB8-8B4A-11D0-8D11-00A0C91BC942}") = "test-time", "test-time.vcxproj", "{9E3F0B69-CFB7-3881-ACC7-59B003D61AC0}"
	ProjectSection(ProjectDependencies) = postProject
		{CE97FC89-D2D6-37A0-A6ED-BA385A917CAB} = {CE97FC89-D2D6-37A0-A6ED-BA385A917CAB}
		{AFEC632E-5006-3A87-A2CC-FAF5A9379BE2} = {AFEC632E-5006-3A87-A2CC-FAF5A9379BE2}
		{9DCB9EA2-A340-3C99-A126-096BA65D076E} = {9DCB9EA2-A340-3C99-A126-096BA65D076E}
	EndProjectSection
EndProject
Project("{8BC9CEB8-8B4A-11D0-8D11-00A0C91BC942}") = "test-weof", "test-weof.vcxproj", "{F929A130-A446-37B6-8E09-A79CB5F0314A}"
	ProjectSection(ProjectDependencies) = postProject
		{CE97FC89-D2D6-37A0-A6ED-BA385A917CAB} = {CE97FC89-D2D6-37A0-A6ED-BA385A917CAB}
		{AFEC632E-5006-3A87-A2CC-FAF5A9379BE2} = {AFEC632E-5006-3A87-A2CC-FAF5A9379BE2}
		{9DCB9EA2-A340-3C99-A126-096BA65D076E} = {9DCB9EA2-A340-3C99-A126-096BA65D076E}
	EndProjectSection
EndProject
Project("{8BC9CEB8-8B4A-11D0-8D11-00A0C91BC942}") = "time-test", "time-test.vcxproj", "{79E9A60E-E7DA-3EE2-8E50-8E39C3C50682}"
	ProjectSection(ProjectDependencies) = postProject
		{CE97FC89-D2D6-37A0-A6ED-BA385A917CAB} = {CE97FC89-D2D6-37A0-A6ED-BA385A917CAB}
		{AFEC632E-5006-3A87-A2CC-FAF5A9379BE2} = {AFEC632E-5006-3A87-A2CC-FAF5A9379BE2}
		{9DCB9EA2-A340-3C99-A126-096BA65D076E} = {9DCB9EA2-A340-3C99-A126-096BA65D076E}
	EndProjectSection
EndProject
Project("{8BC9CEB8-8B4A-11D0-8D11-00A0C91BC942}") = "uninstall", "uninstall.vcxproj", "{FD9CD84F-1360-3C7B-BF8A-D25A4115CBD3}"
	ProjectSection(ProjectDependencies) = postProject
		{CE97FC89-D2D6-37A0-A6ED-BA385A917CAB} = {CE97FC89-D2D6-37A0-A6ED-BA385A917CAB}
	EndProjectSection
EndProject
Project("{8BC9CEB8-8B4A-11D0-8D11-00A0C91BC942}") = "verify", "verify.vcxproj", "{36B6CC46-BC5C-3B66-9D5E-8D95F97B785A}"
	ProjectSection(ProjectDependencies) = postProject
		{CE97FC89-D2D6-37A0-A6ED-BA385A917CAB} = {CE97FC89-D2D6-37A0-A6ED-BA385A917CAB}
		{C8061E0D-C720-3F01-A22A-DF5754C8CE98} = {C8061E0D-C720-3F01-A22A-DF5754C8CE98}
		{4DA1F919-9476-300D-9AA6-296A521500B4} = {4DA1F919-9476-300D-9AA6-296A521500B4}
		{660A4E90-41DD-33AA-8B26-F6B4DFDB5484} = {660A4E90-41DD-33AA-8B26-F6B4DFDB5484}
		{21327E42-1CF5-3FD9-9B9D-334707F51D3F} = {21327E42-1CF5-3FD9-9B9D-334707F51D3F}
		{0B0CC433-82F0-3C1E-9042-5369F2D6C231} = {0B0CC433-82F0-3C1E-9042-5369F2D6C231}
		{83E8B578-EF2F-3025-BE8F-BBB90F5E4515} = {83E8B578-EF2F-3025-BE8F-BBB90F5E4515}
		{EC543A19-AAF6-351B-93B6-F991749057C6} = {EC543A19-AAF6-351B-93B6-F991749057C6}
		{CD7AC64B-F3F4-3331-A5E5-CCCE49DBBDF9} = {CD7AC64B-F3F4-3331-A5E5-CCCE49DBBDF9}
		{9E3F0B69-CFB7-3881-ACC7-59B003D61AC0} = {9E3F0B69-CFB7-3881-ACC7-59B003D61AC0}
		{F929A130-A446-37B6-8E09-A79CB5F0314A} = {F929A130-A446-37B6-8E09-A79CB5F0314A}
	EndProjectSection
EndProject
Project("{8BC9CEB8-8B4A-11D0-8D11-00A0C91BC942}") = "watch-timing", "watch-timing.vcxproj", "{74726F3E-CC29-3C8F-AB25-8E4B8E646F3D}"
	ProjectSection(ProjectDependencies) = postProject
		{CE97FC89-D2D6-37A0-A6ED-BA385A917CAB} = {CE97FC89-D2D6-37A0-A6ED-BA385A917CAB}
		{AFEC632E-5006-3A87-A2CC-FAF5A9379BE2} = {AFEC632E-5006-3A87-A2CC-FAF5A9379BE2}
		{9DCB9EA2-A340-3C99-A126-096BA65D076E} = {9DCB9EA2-A340-3C99-A126-096BA65D076E}
	EndProjectSection
EndProject
Global
	GlobalSection(SolutionConfigurationPlatforms) = preSolution
		Debug|x64 = Debug|x64
		Release|x64 = Release|x64
	EndGlobalSection
	GlobalSection(ProjectConfigurationPlatforms) = postSolution
		{F80D3A5C-3CA7-3488-A622-E6B991351E73}.Debug|x64.ActiveCfg = Debug|x64
		{F80D3A5C-3CA7-3488-A622-E6B991351E73}.Debug|x64.Build.0 = Debug|x64
		{F80D3A5C-3CA7-3488-A622-E6B991351E73}.Release|x64.ActiveCfg = Release|x64
		{F80D3A5C-3CA7-3488-A622-E6B991351E73}.Release|x64.Build.0 = Release|x64
		{A9848EE7-6B07-3BF3-97AB-57F5D35CFCD2}.Debug|x64.ActiveCfg = Debug|x64
		{A9848EE7-6B07-3BF3-97AB-57F5D35CFCD2}.Release|x64.ActiveCfg = Release|x64
		{60A59ECC-7DE9-3C28-8CD3-07D833537852}.Debug|x64.ActiveCfg = Debug|x64
		{60A59ECC-7DE9-3C28-8CD3-07D833537852}.Release|x64.ActiveCfg = Release|x64
		{EC18E0E8-308A-310A-9C15-5C89A99E3CBE}.Debug|x64.ActiveCfg = Debug|x64
		{EC18E0E8-308A-310A-9C15-5C89A99E3CBE}.Release|x64.ActiveCfg = Release|x64
		{28DA1552-D18D-3F16-827F-C909EE9603C4}.Debug|x64.ActiveCfg = Debug|x64
		{28DA1552-D18D-3F16-827F-C909EE9603C4}.Release|x64.ActiveCfg = Release|x64
		{F6BE812C-20A7-32B8-9152-36160E9247BE}.Debug|x64.ActiveCfg = Debug|x64
		{F6BE812C-20A7-32B8-9152-36160E9247BE}.Release|x64.ActiveCfg = Release|x64
		{6E14E59F-DF71-337C-AF2F-D80788E258AC}.Debug|x64.ActiveCfg = Debug|x64
		{6E14E59F-DF71-337C-AF2F-D80788E258AC}.Release|x64.ActiveCfg = Release|x64
		{CE97FC89-D2D6-37A0-A6ED-BA385A917CAB}.Debug|x64.ActiveCfg = Debug|x64
		{CE97FC89-D2D6-37A0-A6ED-BA385A917CAB}.Debug|x64.Build.0 = Debug|x64
		{CE97FC89-D2D6-37A0-A6ED-BA385A917CAB}.Release|x64.ActiveCfg = Release|x64
		{CE97FC89-D2D6-37A0-A6ED-BA385A917CAB}.Release|x64.Build.0 = Release|x64
		{1DC1A542-04FC-3C4B-A650-E840737BD3A7}.Debug|x64.ActiveCfg = Debug|x64
		{1DC1A542-04FC-3C4B-A650-E840737BD3A7}.Debug|x64.Build.0 = Debug|x64
		{1DC1A542-04FC-3C4B-A650-E840737BD3A7}.Release|x64.ActiveCfg = Release|x64
		{1DC1A542-04FC-3C4B-A650-E840737BD3A7}.Release|x64.Build.0 = Release|x64
		{24FFBEC6-8202-3C97-80D7-990016563534}.Debug|x64.ActiveCfg = Debug|x64
		{24FFBEC6-8202-3C97-80D7-990016563534}.Debug|x64.Build.0 = Debug|x64
		{24FFBEC6-8202-3C97-80D7-990016563534}.Release|x64.ActiveCfg = Release|x64
		{24FFBEC6-8202-3C97-80D7-990016563534}.Release|x64.Build.0 = Release|x64
		{B11255D9-64D5-367C-B8C4-906FA252AA92}.Debug|x64.ActiveCfg = Debug|x64
		{B11255D9-64D5-367C-B8C4-906FA252AA92}.Debug|x64.Build.0 = Debug|x64
		{B11255D9-64D5-367C-B8C4-906FA252AA92}.Release|x64.ActiveCfg = Release|x64
		{B11255D9-64D5-367C-B8C4-906FA252AA92}.Release|x64.Build.0 = Release|x64
		{82F3A7B1-A37B-3C94-BC04-4A50C928051C}.Debug|x64.ActiveCfg = Debug|x64
		{82F3A7B1-A37B-3C94-BC04-4A50C928051C}.Debug|x64.Build.0 = Debug|x64
		{82F3A7B1-A37B-3C94-BC04-4A50C928051C}.Release|x64.ActiveCfg = Release|x64
		{82F3A7B1-A37B-3C94-BC04-4A50C928051C}.Release|x64.Build.0 = Release|x64
		{E310E5DA-6F80-3FA8-89BA-83F477E09A99}.Debug|x64.ActiveCfg = Debug|x64
		{E310E5DA-6F80-3FA8-89BA-83F477E09A99}.Debug|x64.Build.0 = Debug|x64
		{E310E5DA-6F80-3FA8-89BA-83F477E09A99}.Release|x64.ActiveCfg = Release|x64
		{E310E5DA-6F80-3FA8-89BA-83F477E09A99}.Release|x64.Build.0 = Release|x64
		{A7ED129D-274F-3042-9EA4-827CE7460B0A}.Debug|x64.ActiveCfg = Debug|x64
		{A7ED129D-274F-3042-9EA4-827CE7460B0A}.Debug|x64.Build.0 = Debug|x64
		{A7ED129D-274F-3042-9EA4-827CE7460B0A}.Release|x64.ActiveCfg = Release|x64
		{A7ED129D-274F-3042-9EA4-827CE7460B0A}.Release|x64.Build.0 = Release|x64
		{9A137270-419A-31D1-B46B-4A235115CF96}.Debug|x64.ActiveCfg = Debug|x64
		{9A137270-419A-31D1-B46B-4A235115CF96}.Debug|x64.Build.0 = Debug|x64
		{9A137270-419A-31D1-B46B-4A235115CF96}.Release|x64.ActiveCfg = Release|x64
		{9A137270-419A-31D1-B46B-4A235115CF96}.Release|x64.Build.0 = Release|x64
		{AFEC632E-5006-3A87-A2CC-FAF5A9379BE2}.Debug|x64.ActiveCfg = Debug|x64
		{AFEC632E-5006-3A87-A2CC-FAF5A9379BE2}.Debug|x64.Build.0 = Debug|x64
		{AFEC632E-5006-3A87-A2CC-FAF5A9379BE2}.Release|x64.ActiveCfg = Release|x64
		{AFEC632E-5006-3A87-A2CC-FAF5A9379BE2}.Release|x64.Build.0 = Release|x64
		{9DCB9EA2-A340-3C99-A126-096BA65D076E}.Debug|x64.ActiveCfg = Debug|x64
		{9DCB9EA2-A340-3C99-A126-096BA65D076E}.Debug|x64.Build.0 = Debug|x64
		{9DCB9EA2-A340-3C99-A126-096BA65D076E}.Release|x64.ActiveCfg = Release|x64
		{9DCB9EA2-A340-3C99-A126-096BA65D076E}.Release|x64.Build.0 = Release|x64
		{64FEBFE0-7D2A-39CA-9C22-EB0F2B4CDEB2}.Debug|x64.ActiveCfg = Debug|x64
		{64FEBFE0-7D2A-39CA-9C22-EB0F2B4CDEB2}.Debug|x64.Build.0 = Debug|x64
		{64FEBFE0-7D2A-39CA-9C22-EB0F2B4CDEB2}.Release|x64.ActiveCfg = Release|x64
		{64FEBFE0-7D2A-39CA-9C22-EB0F2B4CDEB2}.Release|x64.Build.0 = Release|x64
		{FF4BA4CA-CD68-31A5-9616-53D9CAD45C56}.Debug|x64.ActiveCfg = Debug|x64
		{FF4BA4CA-CD68-31A5-9616-53D9CAD45C56}.Debug|x64.Build.0 = Debug|x64
		{FF4BA4CA-CD68-31A5-9616-53D9CAD45C56}.Release|x64.ActiveCfg = Release|x64
		{FF4BA4CA-CD68-31A5-9616-53D9CAD45C56}.Release|x64.Build.0 = Release|x64
		{BAD67B45-63E0-33AF-B614-39410659781B}.Debug|x64.ActiveCfg = Debug|x64
		{BAD67B45-63E0-33AF-B614-39410659781B}.Debug|x64.Build.0 = Debug|x64
		{BAD67B45-63E0-33AF-B614-39410659781B}.Release|x64.ActiveCfg = Release|x64
		{BAD67B45-63E0-33AF-B614-39410659781B}.Release|x64.Build.0 = Release|x64
		{7C44333B-3412-32E0-B170-063740963361}.Debug|x64.ActiveCfg = Debug|x64
		{7C44333B-3412-32E0-B170-063740963361}.Debug|x64.Build.0 = Debug|x64
		{7C44333B-3412-32E0-B170-063740963361}.Release|x64.ActiveCfg = Release|x64
		{7C44333B-3412-32E0-B170-063740963361}.Release|x64.Build.0 = Release|x64
		{5192E594-F859-31FB-9B0D-01F6811ADD7B}.Debug|x64.ActiveCfg = Debug|x64
		{5192E594-F859-31FB-9B0D-01F6811ADD7B}.Debug|x64.Build.0 = Debug|x64
		{5192E594-F859-31FB-9B0D-01F6811ADD7B}.Release|x64.ActiveCfg = Release|x64
		{5192E594-F859-31FB-9B0D-01F6811ADD7B}.Release|x64.Build.0 = Release|x64
		{37665A84-2F86-3FDE-AF63-CC0804F0C2DC}.Debug|x64.ActiveCfg = Debug|x64
		{37665A84-2F86-3FDE-AF63-CC0804F0C2DC}.Debug|x64.Build.0 = Debug|x64
		{37665A84-2F86-3FDE-AF63-CC0804F0C2DC}.Release|x64.ActiveCfg = Release|x64
		{37665A84-2F86-3FDE-AF63-CC0804F0C2DC}.Release|x64.Build.0 = Release|x64
		{42766FD8-2B9E-3A7A-B679-A6E27A5CE537}.Debug|x64.ActiveCfg = Debug|x64
		{42766FD8-2B9E-3A7A-B679-A6E27A5CE537}.Debug|x64.Build.0 = Debug|x64
		{42766FD8-2B9E-3A7A-B679-A6E27A5CE537}.Release|x64.ActiveCfg = Release|x64
		{42766FD8-2B9E-3A7A-B679-A6E27A5CE537}.Release|x64.Build.0 = Release|x64
		{C8061E0D-C720-3F01-A22A-DF5754C8CE98}.Debug|x64.ActiveCfg = Debug|x64
		{C8061E0D-C720-3F01-A22A-DF5754C8CE98}.Debug|x64.Build.0 = Debug|x64
		{C8061E0D-C720-3F01-A22A-DF5754C8CE98}.Release|x64.ActiveCfg = Release|x64
		{C8061E0D-C720-3F01-A22A-DF5754C8CE98}.Release|x64.Build.0 = Release|x64
		{8E04448C-0703-38D2-B1EE-10A60CB0B278}.Debug|x64.ActiveCfg = Debug|x64
		{8E04448C-0703-38D2-B1EE-10A60CB0B278}.Debug|x64.Build.0 = Debug|x64
		{8E04448C-0703-38D2-B1EE-10A60CB0B278}.Release|x64.ActiveCfg = Release|x64
		{8E04448C-0703-38D2-B1EE-10A60CB0B278}.Release|x64.Build.0 = Release|x64
		{4DA1F919-9476-300D-9AA6-296A521500B4}.Debug|x64.ActiveCfg = Debug|x64
		{4DA1F919-9476-300D-9AA6-296A521500B4}.Debug|x64.Build.0 = Debug|x64
		{4DA1F919-9476-300D-9AA6-296A521500B4}.Release|x64.ActiveCfg = Release|x64
		{4DA1F919-9476-300D-9AA6-296A521500B4}.Release|x64.Build.0 = Release|x64
		{660A4E90-41DD-33AA-8B26-F6B4DFDB5484}.Debug|x64.ActiveCfg = Debug|x64
		{660A4E90-41DD-33AA-8B26-F6B4DFDB5484}.Debug|x64.Build.0 = Debug|x64
		{660A4E90-41DD-33AA-8B26-F6B4DFDB5484}.Release|x64.ActiveCfg = Release|x64
		{660A4E90-41DD-33AA-8B26-F6B4DFDB5484}.Release|x64.Build.0 = Release|x64
		{21327E42-1CF5-3FD9-9B9D-334707F51D3F}.Debug|x64.ActiveCfg = Debug|x64
		{21327E42-1CF5-3FD9-9B9D-334707F51D3F}.Debug|x64.Build.0 = Debug|x64
		{21327E42-1CF5-3FD9-9B9D-334707F51D3F}.Release|x64.ActiveCfg = Release|x64
		{21327E42-1CF5-3FD9-9B9D-334707F51D3F}.Release|x64.Build.0 = Release|x64
		{0B0CC433-82F0-3C1E-9042-5369F2D6C231}.Debug|x64.ActiveCfg = Debug|x64
		{0B0CC433-82F0-3C1E-9042-5369F2D6C231}.Debug|x64.Build.0 = Debug|x64
		{0B0CC433-82F0-3C1E-9042-5369F2D6C231}.Release|x64.ActiveCfg = Release|x64
		{0B0CC433-82F0-3C1E-9042-5369F2D6C231}.Release|x64.Build.0 = Release|x64
		{83E8B578-EF2F-3025-BE8F-BBB90F5E4515}.Debug|x64.ActiveCfg = Debug|x64
		{83E8B578-EF2F-3025-BE8F-BBB90F5E4515}.Debug|x64.Build.0 = Debug|x64
		{83E8B578-EF2F-3025-BE8F-BBB90F5E4515}.Release|x64.ActiveCfg = Release|x64
		{83E8B578-EF2F-3025-BE8F-BBB90F5E4515}.Release|x64.Build.0 = Release|x64
		{EC543A19-AAF6-351B-93B6-F991749057C6}.Debug|x64.ActiveCfg = Debug|x64
		{EC543A19-AAF6-351B-93B6-F991749057C6}.Debug|x64.Build.0 = Debug|x64
		{EC543A19-AAF6-351B-93B6-F991749057C6}.Release|x64.ActiveCfg = Release|x64
		{EC543A19-AAF6-351B-93B6-F991749057C6}.Release|x64.Build.0 = Release|x64
		{CD7AC64B-F3F4-3331-A5E5-CCCE49DBBDF9}.Debug|x64.ActiveCfg = Debug|x64
		{CD7AC64B-F3F4-3331-A5E5-CCCE49DBBDF9}.Debug|x64.Build.0 = Debug|x64
		{CD7AC64B-F3F4-3331-A5E5-CCCE49DBBDF9}.Release|x64.ActiveCfg = Release|x64
		{CD7AC64B-F3F4-3331-A5E5-CCCE49DBBDF9}.Release|x64.Build.0 = Release|x64
		{9E3F0B69-CFB7-3881-ACC7-59B003D61AC0}.Debug|x64.ActiveCfg = Debug|x64
		{9E3F0B69-CFB7-3881-ACC7-59B003D61AC0}.Debug|x64.Build.0 = Debug|x64
		{9E3F0B69-CFB7-3881-ACC7-59B003D61AC0}.Release|x64.ActiveCfg = Release|x64
		{9E3F0B69-CFB7-3881-ACC7-59B003D61AC0}.Release|x64.Build.0 = Release|x64
		{F929A130-A446-37B6-8E09-A79CB5F0314A}.Debug|x64.ActiveCfg = Debug|x64
		{F929A130-A446-37B6-8E09-A79CB5F0314A}.Debug|x64.Build.0 = Debug|x64
		{F929A130-A446-37B6-8E09-A79CB5F0314A}.Release|x64.ActiveCfg = Release|x64
		{F929A130-A446-37B6-8E09-A79CB5F0314A}.Release|x64.Build.0 = Release|x64
		{79E9A60E-E7DA-3EE2-8E50-8E39C3C50682}.Debug|x64.ActiveCfg = Debug|x64
		{79E9A60E-E7DA-3EE2-8E50-8E39C3C50682}.Debug|x64.Build.0 = Debug|x64
		{79E9A60E-E7DA-3EE2-8E50-8E39C3C50682}.Release|x64.ActiveCfg = Release|x64
		{79E9A60E-E7DA-3EE2-8E50-8E39C3C50682}.Release|x64.Build.0 = Release|x64
		{FD9CD84F-1360-3C7B-BF8A-D25A4115CBD3}.Debug|x64.ActiveCfg = Debug|x64
		{FD9CD84F-1360-3C7B-BF8A-D25A4115CBD3}.Release|x64.ActiveCfg = Release|x64
		{36B6CC46-BC5C-3B66-9D5E-8D95F97B785A}.Debug|x64.ActiveCfg = Debug|x64
		{36B6CC46-BC5C-3B66-9D5E-8D95F97B785A}.Release|x64.ActiveCfg = Release|x64
		{74726F3E-CC29-3C8F-AB25-8E4B8E646F3D}.Debug|x64.ActiveCfg = Debug|x64
		{74726F3E-CC29-3C8F-AB25-8E4B8E646F3D}.Debug|x64.Build.0 = Debug|x64
		{74726F3E-CC29-3C8F-AB25-8E4B8E646F3D}.Release|x64.ActiveCfg = Release|x64
		{74726F3E-CC29-3C8F-AB25-8E4B8E646F3D}.Release|x64.Build.0 = Release|x64
	EndGlobalSection
	GlobalSection(ExtensibilityGlobals) = postSolution
		SolutionGuid = {67A2A1BE-E493-327E-8C1D-EE5B430FE3FC}
	EndGlobalSection
	GlobalSection(ExtensibilityAddIns) = postSolution
	EndGlobalSection
EndGlobal
